
Microsoft Visual Studio Solution File, Format Version 12.00
# Visual Studio Version 17
VisualStudioVersion = 17.0.32014.148
MinimumVisualStudioVersion = 10.0.40219.1
Project("{9A19103F-16F7-4668-BE54-9A1E7A4F7556}") = "Peluches.BackOffice.Presentacion", "Peluches.BackOffice.Presentacion\Peluches.BackOffice.Presentacion.csproj", "{1E70436A-C20C-4597-9641-45B36D0AC4BA}"
EndProject
Project("{9A19103F-16F7-4668-BE54-9A1E7A4F7556}") = "Peluches.Ecommerce", "Peluches.Ecommerce\Peluches.Ecommerce.csproj", "{54BE4873-6FE8-45BE-BE28-E6E85A2B02DF}"
EndProject
Project("{9A19103F-16F7-4668-BE54-9A1E7A4F7556}") = "Peluches.Web.API", "Peluches.Web.API\Peluches.Web.API.csproj", "{95CC340C-590B-499D-ABC0-7137C4E901B0}"
EndProject
Project("{FAE04EC0-301F-11D3-BF4B-00C04F79EFBC}") = "Peluches.Administration.Web.API", "Peluches.Administration.Web.API\Peluches.Administration.Web.API.csproj", "{F9575BBA-D8AF-4C6B-A785-86F755641282}"
EndProject
Project("{FAE04EC0-301F-11D3-BF4B-00C04F79EFBC}") = "Peluches.Orders.Web.API", "Peluches.Orders.Web.API\Peluches.Orders.Web.API.csproj", "{0D90D737-B613-40C2-8364-99B9F15C0789}"
EndProject
Project("{2150E333-8FDC-42A3-9474-1A3956D46DE8}") = "APIs", "APIs", "{C3A02C5E-5F51-4131-8525-51F8A270BD39}"
EndProject
Project("{2150E333-8FDC-42A3-9474-1A3956D46DE8}") = "APPs", "APPs", "{9AAD9B80-22AE-4AE0-96C0-E192DD031FEF}"
EndProject
Global
	GlobalSection(SolutionConfigurationPlatforms) = preSolution
		Debug|Any CPU = Debug|Any CPU
		Release|Any CPU = Release|Any CPU
	EndGlobalSection
	GlobalSection(ProjectConfigurationPlatforms) = postSolution
		{1E70436A-C20C-4597-9641-45B36D0AC4BA}.Debug|Any CPU.ActiveCfg = Debug|Any CPU
		{1E70436A-C20C-4597-9641-45B36D0AC4BA}.Debug|Any CPU.Build.0 = Debug|Any CPU
		{1E70436A-C20C-4597-9641-45B36D0AC4BA}.Release|Any CPU.ActiveCfg = Release|Any CPU
		{1E70436A-C20C-4597-9641-45B36D0AC4BA}.Release|Any CPU.Build.0 = Release|Any CPU
		{54BE4873-6FE8-45BE-BE28-E6E85A2B02DF}.Debug|Any CPU.ActiveCfg = Debug|Any CPU
		{54BE4873-6FE8-45BE-BE28-E6E85A2B02DF}.Debug|Any CPU.Build.0 = Debug|Any CPU
		{54BE4873-6FE8-45BE-BE28-E6E85A2B02DF}.Release|Any CPU.ActiveCfg = Release|Any CPU
		{54BE4873-6FE8-45BE-BE28-E6E85A2B02DF}.Release|Any CPU.Build.0 = Release|Any CPU
		{95CC340C-590B-499D-ABC0-7137C4E901B0}.Debug|Any CPU.ActiveCfg = Debug|Any CPU
		{95CC340C-590B-499D-ABC0-7137C4E901B0}.Debug|Any CPU.Build.0 = Debug|Any CPU
		{95CC340C-590B-499D-ABC0-7137C4E901B0}.Release|Any CPU.ActiveCfg = Release|Any CPU
		{95CC340C-590B-499D-ABC0-7137C4E901B0}.Release|Any CPU.Build.0 = Release|Any CPU
		{F9575BBA-D8AF-4C6B-A785-86F755641282}.Debug|Any CPU.ActiveCfg = Debug|Any CPU
		{F9575BBA-D8AF-4C6B-A785-86F755641282}.Debug|Any CPU.Build.0 = Debug|Any CPU
		{F9575BBA-D8AF-4C6B-A785-86F755641282}.Release|Any CPU.ActiveCfg = Release|Any CPU
		{F9575BBA-D8AF-4C6B-A785-86F755641282}.Release|Any CPU.Build.0 = Release|Any CPU
		{0D90D737-B613-40C2-8364-99B9F15C0789}.Debug|Any CPU.ActiveCfg = Debug|Any CPU
		{0D90D737-B613-40C2-8364-99B9F15C0789}.Debug|Any CPU.Build.0 = Debug|Any CPU
		{0D90D737-B613-40C2-8364-99B9F15C0789}.Release|Any CPU.ActiveCfg = Release|Any CPU
		{0D90D737-B613-40C2-8364-99B9F15C0789}.Release|Any CPU.Build.0 = Release|Any CPU
	EndGlobalSection
	GlobalSection(SolutionProperties) = preSolution
		HideSolutionNode = FALSE
	EndGlobalSection
	GlobalSection(NestedProjects) = preSolution
		{1E70436A-C20C-4597-9641-45B36D0AC4BA} = {9AAD9B80-22AE-4AE0-96C0-E192DD031FEF}
		{54BE4873-6FE8-45BE-BE28-E6E85A2B02DF} = {9AAD9B80-22AE-4AE0-96C0-E192DD031FEF}
		{95CC340C-590B-499D-ABC0-7137C4E901B0} = {C3A02C5E-5F51-4131-8525-51F8A270BD39}
		{F9575BBA-D8AF-4C6B-A785-86F755641282} = {C3A02C5E-5F51-4131-8525-51F8A270BD39}
		{0D90D737-B613-40C2-8364-99B9F15C0789} = {C3A02C5E-5F51-4131-8525-51F8A270BD39}
	EndGlobalSection
	GlobalSection(ExtensibilityGlobals) = postSolution
		SolutionGuid = {E7FC1F2F-FD25-454C-A9BD-BFA8F977A58E}
	EndGlobalSection
EndGlobal
